
Microsoft Visual Studio Solution File, Format Version 12.00
# Visual Studio Version 17
VisualStudioVersion = 17.2.32630.192
MinimumVisualStudioVersion = 10.0.40219.1
Project("{9A19103F-16F7-4668-BE54-9A1E7A4F7556}") = "MainWebApplication", "MainWebApplication\MainWebApplication.csproj", "{6CD7C6AB-8B97-4C2E-AFF5-D64A2330DE79}"
EndProject
Global
	GlobalSection(SolutionConfigurationPlatforms) = preSolution
		Debug|Any CPU = Debug|Any CPU
		Release|Any CPU = Release|Any CPU
	EndGlobalSection
	GlobalSection(ProjectConfigurationPlatforms) = postSolution
		{6CD7C6AB-8B97-4C2E-AFF5-D64A2330DE79}.Debug|Any CPU.ActiveCfg = Debug|Any CPU
		{6CD7C6AB-8B97-4C2E-AFF5-D64A2330DE79}.Debug|Any CPU.Build.0 = Debug|Any CPU
		{6CD7C6AB-8B97-4C2E-AFF5-D64A2330DE79}.Release|Any CPU.ActiveCfg = Release|Any CPU
		{6CD7C6AB-8B97-4C2E-AFF5-D64A2330DE79}.Release|Any CPU.Build.0 = Release|Any CPU
	EndGlobalSection
	GlobalSection(SolutionProperties) = preSolution
		HideSolutionNode = FALSE
	EndGlobalSection
	GlobalSection(ExtensibilityGlobals) = postSolution
		SolutionGuid = {2672809B-C109-4568-9050-2CD8083AA6C9}
	EndGlobalSection
EndGlobal
